
Microsoft Visual Studio Solution File, Format Version 12.00
# Visual Studio Version 17
VisualStudioVersion = 17.4.33213.308
MinimumVisualStudioVersion = 10.0.40219.1
Project("{9A19103F-16F7-4668-BE54-9A1E7A4F7556}") = "IdentitySystem", "IdentitySystem\IdentitySystem.csproj", "{8A23E71D-0E8B-449E-AE5B-1B5497496C12}"
EndProject
Project("{9A19103F-16F7-4668-BE54-9A1E7A4F7556}") = "IdentitySystem.Core", "IdentitySystem.Core\IdentitySystem.Core.csproj", "{EFECFDAD-C666-49FB-BA81-B54F3577D0B7}"
EndProject
Project("{9A19103F-16F7-4668-BE54-9A1E7A4F7556}") = "IdentitySystem.DataContext", "IdentitySystem.DataContext\IdentitySystem.DataContext.csproj", "{8936F5B5-610A-4E95-B697-2FB3700BE7A6}"
EndProject
Project("{9A19103F-16F7-4668-BE54-9A1E7A4F7556}") = "IdentitySystem.Contracts", "IdentitySystem.Contracts\IdentitySystem.Contracts.csproj", "{C51E6B24-EEDC-4F75-9E68-81DF19F5EDDA}"
EndProject
Project("{9A19103F-16F7-4668-BE54-9A1E7A4F7556}") = "IdentitySystem.Tests", "IdentitySystem.Tests\IdentitySystem.Tests.csproj", "{0FB6AC30-07F4-4659-BC0B-7927C9192B68}"
EndProject
Project("{2150E333-8FDC-42A3-9474-1A3956D46DE8}") = "IdentitySystem", "IdentitySystem", "{8A96740C-BB51-4061-BAC0-88E849BBBDC0}"
EndProject
Project("{2150E333-8FDC-42A3-9474-1A3956D46DE8}") = "RoleSystem", "RoleSystem", "{BCD7351E-DD45-4FA9-B357-4283571D3DD2}"
EndProject
Project("{9A19103F-16F7-4668-BE54-9A1E7A4F7556}") = "RoleSystem.API", "RoleSystem.API\RoleSystem.API.csproj", "{56797AB6-19FC-4DD3-A956-940A509068A9}"
EndProject
Project("{9A19103F-16F7-4668-BE54-9A1E7A4F7556}") = "RoleSystem.Core", "RoleSystem.Core\RoleSystem.Core.csproj", "{AE9D4F83-179C-49BF-84E4-CBE475959D72}"
EndProject
Project("{9A19103F-16F7-4668-BE54-9A1E7A4F7556}") = "RoleSystem.Contracts", "RoleSystem.Contracts\RoleSystem.Contracts.csproj", "{71BA9BC1-FC03-4FD5-AD10-27B40CE05FA0}"
EndProject
Project("{9A19103F-16F7-4668-BE54-9A1E7A4F7556}") = "RoleSystem.DataContext", "RoleSystem.DataContext\RoleSystem.DataContext.csproj", "{0A7E6B77-F538-422F-BB86-41F61CEF08CE}"
EndProject
Project("{9A19103F-16F7-4668-BE54-9A1E7A4F7556}") = "RoleSystem.Tests", "RoleSystem.Tests\RoleSystem.Tests.csproj", "{EA21CBBD-1E6F-4BE9-83DE-323708055815}"
EndProject
Project("{2150E333-8FDC-42A3-9474-1A3956D46DE8}") = "Shared", "Shared", "{0B0613BA-EF8D-48DE-BE0B-668BC81CA830}"
EndProject
Project("{9A19103F-16F7-4668-BE54-9A1E7A4F7556}") = "Common", "Common\Common.csproj", "{5AEF317E-26AA-46E5-A7AE-A8C1DBB95614}"
EndProject
Project("{9A19103F-16F7-4668-BE54-9A1E7A4F7556}") = "IdentitySystem.Events", "IdentitySystem.Events\IdentitySystem.Events.csproj", "{3684D622-DB6B-49C8-A33C-3A29A5C8E163}"
EndProject
Project("{9A19103F-16F7-4668-BE54-9A1E7A4F7556}") = "RoleSystem.EventHandlers", "RoleSystem.EventHandlers\RoleSystem.EventHandlers.csproj", "{E4BED6F1-CDED-4E0E-9185-DD122D1F53C4}"
EndProject
Project("{9A19103F-16F7-4668-BE54-9A1E7A4F7556}") = "RoleSystem.Events", "RoleSystem.Events\RoleSystem.Events.csproj", "{4860A200-0263-4DAB-8C98-CE0DA848D6C8}"
EndProject
Project("{9A19103F-16F7-4668-BE54-9A1E7A4F7556}") = "IdentitySystem.EventHandlers", "IdentitySystem.EventHandlers\IdentitySystem.EventHandlers.csproj", "{2A46CB5E-BDA0-4AFC-977F-8FF1B49C3468}"
EndProject
Project("{2150E333-8FDC-42A3-9474-1A3956D46DE8}") = "DemoWebApp", "DemoWebApp", "{EA21087A-6A3E-4C1D-B12D-03EB35B8570D}"
EndProject
Project("{FAE04EC0-301F-11D3-BF4B-00C04F79EFBC}") = "DemoWebApp", "DemoWebApp\DemoWebApp.csproj", "{0F46645E-A8B6-4F60-BF32-D1BA35955E4B}"
EndProject
Global
	GlobalSection(SolutionConfigurationPlatforms) = preSolution
		Debug|Any CPU = Debug|Any CPU
		Release|Any CPU = Release|Any CPU
	EndGlobalSection
	GlobalSection(ProjectConfigurationPlatforms) = postSolution
		{8A23E71D-0E8B-449E-AE5B-1B5497496C12}.Debug|Any CPU.ActiveCfg = Debug|Any CPU
		{8A23E71D-0E8B-449E-AE5B-1B5497496C12}.Debug|Any CPU.Build.0 = Debug|Any CPU
		{8A23E71D-0E8B-449E-AE5B-1B5497496C12}.Release|Any CPU.ActiveCfg = Release|Any CPU
		{8A23E71D-0E8B-449E-AE5B-1B5497496C12}.Release|Any CPU.Build.0 = Release|Any CPU
		{EFECFDAD-C666-49FB-BA81-B54F3577D0B7}.Debug|Any CPU.ActiveCfg = Debug|Any CPU
		{EFECFDAD-C666-49FB-BA81-B54F3577D0B7}.Debug|Any CPU.Build.0 = Debug|Any CPU
		{EFECFDAD-C666-49FB-BA81-B54F3577D0B7}.Release|Any CPU.ActiveCfg = Release|Any CPU
		{EFECFDAD-C666-49FB-BA81-B54F3577D0B7}.Release|Any CPU.Build.0 = Release|Any CPU
		{8936F5B5-610A-4E95-B697-2FB3700BE7A6}.Debug|Any CPU.ActiveCfg = Debug|Any CPU
		{8936F5B5-610A-4E95-B697-2FB3700BE7A6}.Debug|Any CPU.Build.0 = Debug|Any CPU
		{8936F5B5-610A-4E95-B697-2FB3700BE7A6}.Release|Any CPU.ActiveCfg = Release|Any CPU
		{8936F5B5-610A-4E95-B697-2FB3700BE7A6}.Release|Any CPU.Build.0 = Release|Any CPU
		{C51E6B24-EEDC-4F75-9E68-81DF19F5EDDA}.Debug|Any CPU.ActiveCfg = Debug|Any CPU
		{C51E6B24-EEDC-4F75-9E68-81DF19F5EDDA}.Debug|Any CPU.Build.0 = Debug|Any CPU
		{C51E6B24-EEDC-4F75-9E68-81DF19F5EDDA}.Release|Any CPU.ActiveCfg = Release|Any CPU
		{C51E6B24-EEDC-4F75-9E68-81DF19F5EDDA}.Release|Any CPU.Build.0 = Release|Any CPU
		{0FB6AC30-07F4-4659-BC0B-7927C9192B68}.Debug|Any CPU.ActiveCfg = Debug|Any CPU
		{0FB6AC30-07F4-4659-BC0B-7927C9192B68}.Debug|Any CPU.Build.0 = Debug|Any CPU
		{0FB6AC30-07F4-4659-BC0B-7927C9192B68}.Release|Any CPU.ActiveCfg = Release|Any CPU
		{0FB6AC30-07F4-4659-BC0B-7927C9192B68}.Release|Any CPU.Build.0 = Release|Any CPU
		{56797AB6-19FC-4DD3-A956-940A509068A9}.Debug|Any CPU.ActiveCfg = Debug|Any CPU
		{56797AB6-19FC-4DD3-A956-940A509068A9}.Debug|Any CPU.Build.0 = Debug|Any CPU
		{56797AB6-19FC-4DD3-A956-940A509068A9}.Release|Any CPU.ActiveCfg = Release|Any CPU
		{56797AB6-19FC-4DD3-A956-940A509068A9}.Release|Any CPU.Build.0 = Release|Any CPU
		{AE9D4F83-179C-49BF-84E4-CBE475959D72}.Debug|Any CPU.ActiveCfg = Debug|Any CPU
		{AE9D4F83-179C-49BF-84E4-CBE475959D72}.Debug|Any CPU.Build.0 = Debug|Any CPU
		{AE9D4F83-179C-49BF-84E4-CBE475959D72}.Release|Any CPU.ActiveCfg = Release|Any CPU
		{AE9D4F83-179C-49BF-84E4-CBE475959D72}.Release|Any CPU.Build.0 = Release|Any CPU
		{71BA9BC1-FC03-4FD5-AD10-27B40CE05FA0}.Debug|Any CPU.ActiveCfg = Debug|Any CPU
		{71BA9BC1-FC03-4FD5-AD10-27B40CE05FA0}.Debug|Any CPU.Build.0 = Debug|Any CPU
		{71BA9BC1-FC03-4FD5-AD10-27B40CE05FA0}.Release|Any CPU.ActiveCfg = Release|Any CPU
		{71BA9BC1-FC03-4FD5-AD10-27B40CE05FA0}.Release|Any CPU.Build.0 = Release|Any CPU
		{0A7E6B77-F538-422F-BB86-41F61CEF08CE}.Debug|Any CPU.ActiveCfg = Debug|Any CPU
		{0A7E6B77-F538-422F-BB86-41F61CEF08CE}.Debug|Any CPU.Build.0 = Debug|Any CPU
		{0A7E6B77-F538-422F-BB86-41F61CEF08CE}.Release|Any CPU.ActiveCfg = Release|Any CPU
		{0A7E6B77-F538-422F-BB86-41F61CEF08CE}.Release|Any CPU.Build.0 = Release|Any CPU
		{EA21CBBD-1E6F-4BE9-83DE-323708055815}.Debug|Any CPU.ActiveCfg = Debug|Any CPU
		{EA21CBBD-1E6F-4BE9-83DE-323708055815}.Debug|Any CPU.Build.0 = Debug|Any CPU
		{EA21CBBD-1E6F-4BE9-83DE-323708055815}.Release|Any CPU.ActiveCfg = Release|Any CPU
		{EA21CBBD-1E6F-4BE9-83DE-323708055815}.Release|Any CPU.Build.0 = Release|Any CPU
		{5AEF317E-26AA-46E5-A7AE-A8C1DBB95614}.Debug|Any CPU.ActiveCfg = Debug|Any CPU
		{5AEF317E-26AA-46E5-A7AE-A8C1DBB95614}.Debug|Any CPU.Build.0 = Debug|Any CPU
		{5AEF317E-26AA-46E5-A7AE-A8C1DBB95614}.Release|Any CPU.ActiveCfg = Release|Any CPU
		{5AEF317E-26AA-46E5-A7AE-A8C1DBB95614}.Release|Any CPU.Build.0 = Release|Any CPU
		{3684D622-DB6B-49C8-A33C-3A29A5C8E163}.Debug|Any CPU.ActiveCfg = Debug|Any CPU
		{3684D622-DB6B-49C8-A33C-3A29A5C8E163}.Debug|Any CPU.Build.0 = Debug|Any CPU
		{3684D622-DB6B-49C8-A33C-3A29A5C8E163}.Release|Any CPU.ActiveCfg = Release|Any CPU
		{3684D622-DB6B-49C8-A33C-3A29A5C8E163}.Release|Any CPU.Build.0 = Release|Any CPU
		{E4BED6F1-CDED-4E0E-9185-DD122D1F53C4}.Debug|Any CPU.ActiveCfg = Debug|Any CPU
		{E4BED6F1-CDED-4E0E-9185-DD122D1F53C4}.Debug|Any CPU.Build.0 = Debug|Any CPU
		{E4BED6F1-CDED-4E0E-9185-DD122D1F53C4}.Release|Any CPU.ActiveCfg = Release|Any CPU
		{E4BED6F1-CDED-4E0E-9185-DD122D1F53C4}.Release|Any CPU.Build.0 = Release|Any CPU
		{4860A200-0263-4DAB-8C98-CE0DA848D6C8}.Debug|Any CPU.ActiveCfg = Debug|Any CPU
		{4860A200-0263-4DAB-8C98-CE0DA848D6C8}.Debug|Any CPU.Build.0 = Debug|Any CPU
		{4860A200-0263-4DAB-8C98-CE0DA848D6C8}.Release|Any CPU.ActiveCfg = Release|Any CPU
		{4860A200-0263-4DAB-8C98-CE0DA848D6C8}.Release|Any CPU.Build.0 = Release|Any CPU
		{2A46CB5E-BDA0-4AFC-977F-8FF1B49C3468}.Debug|Any CPU.ActiveCfg = Debug|Any CPU
		{2A46CB5E-BDA0-4AFC-977F-8FF1B49C3468}.Debug|Any CPU.Build.0 = Debug|Any CPU
		{2A46CB5E-BDA0-4AFC-977F-8FF1B49C3468}.Release|Any CPU.ActiveCfg = Release|Any CPU
		{2A46CB5E-BDA0-4AFC-977F-8FF1B49C3468}.Release|Any CPU.Build.0 = Release|Any CPU
		{0F46645E-A8B6-4F60-BF32-D1BA35955E4B}.Debug|Any CPU.ActiveCfg = Debug|Any CPU
		{0F46645E-A8B6-4F60-BF32-D1BA35955E4B}.Debug|Any CPU.Build.0 = Debug|Any CPU
		{0F46645E-A8B6-4F60-BF32-D1BA35955E4B}.Release|Any CPU.ActiveCfg = Release|Any CPU
		{0F46645E-A8B6-4F60-BF32-D1BA35955E4B}.Release|Any CPU.Build.0 = Release|Any CPU
	EndGlobalSection
	GlobalSection(SolutionProperties) = preSolution
		HideSolutionNode = FALSE
	EndGlobalSection
	GlobalSection(NestedProjects) = preSolution
		{8A23E71D-0E8B-449E-AE5B-1B5497496C12} = {8A96740C-BB51-4061-BAC0-88E849BBBDC0}
		{EFECFDAD-C666-49FB-BA81-B54F3577D0B7} = {8A96740C-BB51-4061-BAC0-88E849BBBDC0}
		{8936F5B5-610A-4E95-B697-2FB3700BE7A6} = {8A96740C-BB51-4061-BAC0-88E849BBBDC0}
		{C51E6B24-EEDC-4F75-9E68-81DF19F5EDDA} = {8A96740C-BB51-4061-BAC0-88E849BBBDC0}
		{0FB6AC30-07F4-4659-BC0B-7927C9192B68} = {8A96740C-BB51-4061-BAC0-88E849BBBDC0}
		{56797AB6-19FC-4DD3-A956-940A509068A9} = {BCD7351E-DD45-4FA9-B357-4283571D3DD2}
		{AE9D4F83-179C-49BF-84E4-CBE475959D72} = {BCD7351E-DD45-4FA9-B357-4283571D3DD2}
		{71BA9BC1-FC03-4FD5-AD10-27B40CE05FA0} = {BCD7351E-DD45-4FA9-B357-4283571D3DD2}
		{0A7E6B77-F538-422F-BB86-41F61CEF08CE} = {BCD7351E-DD45-4FA9-B357-4283571D3DD2}
		{EA21CBBD-1E6F-4BE9-83DE-323708055815} = {BCD7351E-DD45-4FA9-B357-4283571D3DD2}
		{5AEF317E-26AA-46E5-A7AE-A8C1DBB95614} = {0B0613BA-EF8D-48DE-BE0B-668BC81CA830}
		{3684D622-DB6B-49C8-A33C-3A29A5C8E163} = {8A96740C-BB51-4061-BAC0-88E849BBBDC0}
		{E4BED6F1-CDED-4E0E-9185-DD122D1F53C4} = {BCD7351E-DD45-4FA9-B357-4283571D3DD2}
		{4860A200-0263-4DAB-8C98-CE0DA848D6C8} = {BCD7351E-DD45-4FA9-B357-4283571D3DD2}
		{2A46CB5E-BDA0-4AFC-977F-8FF1B49C3468} = {8A96740C-BB51-4061-BAC0-88E849BBBDC0}
		{0F46645E-A8B6-4F60-BF32-D1BA35955E4B} = {EA21087A-6A3E-4C1D-B12D-03EB35B8570D}
	EndGlobalSection
	GlobalSection(ExtensibilityGlobals) = postSolution
		SolutionGuid = {46EC91DD-CB1F-4822-9304-D12634C77359}
	EndGlobalSection
EndGlobal
